# This file was autogenerated by Stack.
# You should not edit this file by hand.
# For more information, please see the documentation at:
#   https://docs.haskellstack.org/en/stable/lock_files

packages:
- completed:
    hackage: xmonad-0.18.0@sha256:22300a2626ba5b00dcf0e5071d56ccb42140fb849ee6ea7bf1337ed07de33642,5453
    pantry-tree:
      sha256: 475b273803119d4b6f3f0ad496d93092ad53bb7b2306182603531093899b26d1
      size: 2486
  original:
    hackage: xmonad-0.18.0
- completed:
    hackage: xmonad-contrib-0.18.0@sha256:aae129651391ec65e4c7cf4c23b280cc5e69f709d86668502426a41eebab9d3c,22370
    pantry-tree:
      sha256: d2987f3843f1c5ca11bf63d22630679a34b7578f432a96f0dec97b98c4984e72
      size: 23806
  original:
    hackage: xmonad-contrib-0.18.0
snapshots:
- completed:
    sha256: 73ad581de7c5306278aec7706cafaf3b1c2eb7abf4ab586e4d9dc675c6106c4e
    size: 718708
    url: https://raw.githubusercontent.com/commercialhaskell/stackage-snapshots/master/lts/22/23.yaml
  original: lts-22.23
