# This file was autogenerated by Stack.
# You should not edit this file by hand.
# For more information, please see the documentation at:
#   https://docs.haskellstack.org/en/stable/lock_files

packages:
- completed:
    hackage: xmonad-0.17.0@sha256:fc90c8fa647390c68c902912a5a7417f04025dfe72f7de51b248217f7ca0d484,5533
    pantry-tree:
      size: 2485
      sha256: 6fd7c6a64621a088fcbb2e5a66030a78b0832d7341e4c465d3aeb4e668d097a5
  original:
    hackage: xmonad-0.17.0@sha256:fc90c8fa647390c68c902912a5a7417f04025dfe72f7de51b248217f7ca0d484,5533
- completed:
    hackage: xmonad-contrib-0.17.0@sha256:defd04a9ca0e031eb7280b734ccd6d6b73f757babfe4a561a7ff718e75211749,20357
    pantry-tree:
      size: 21783
      sha256: 81a4589ef85fed434a852ba1324466b5ad8f4fd752cd88840aa4ea4348a16cec
  original:
    hackage: xmonad-contrib-0.17.0@sha256:defd04a9ca0e031eb7280b734ccd6d6b73f757babfe4a561a7ff718e75211749,20357
snapshots:
- completed:
    size: 586286
    url: https://raw.githubusercontent.com/commercialhaskell/stackage-snapshots/master/lts/18/15.yaml
    sha256: 2c9cb11d7aa0656bf28672dcb2414ab21e3ba9ea83ca170c216b2c2fc7e55856
  original: lts-18.15
