# This file was autogenerated by Stack.
# You should not edit this file by hand.
# For more information, please see the documentation at:
#   https://docs.haskellstack.org/en/stable/topics/lock_files

packages:
- completed:
    hackage: xmonad-0.18.0@sha256:22300a2626ba5b00dcf0e5071d56ccb42140fb849ee6ea7bf1337ed07de33642,5453
    pantry-tree:
      sha256: 475b273803119d4b6f3f0ad496d93092ad53bb7b2306182603531093899b26d1
      size: 2486
  original:
    hackage: xmonad-0.18.0
- completed:
    hackage: xmonad-contrib-0.18.1@sha256:aae0f10f3f12492c9a3f0824c59b1d23982810a3f9fb096b2c3e2a0e417d0b05,22749
    pantry-tree:
      sha256: a81289db5c547edc771a130b7ab9c0b7e5ee9aae4c8f2bcde304de9a1c31b6ce
      size: 24082
  original:
    hackage: xmonad-contrib-0.18.1
snapshots:
- completed:
    sha256: db422bffc7b66cea3ad1dfa71440d1209e37b6233c4080eb2ea1fb9b91eacde5
    size: 726109
    url: https://raw.githubusercontent.com/commercialhaskell/stackage-snapshots/master/lts/24/17.yaml
  original: lts-24.17
